<?xml version="1.0" encoding="UTF-8"?>
<CONFIG>
  <ProjectOptions>
    <Version Value="9"/>
    <PathDelim Value="\"/>
    <General>
      <Flags>
        <MainUnitHasUsesSectionForAllUnits Value="False"/>
        <MainUnitHasCreateFormStatements Value="False"/>
        <MainUnitHasTitleStatement Value="False"/>
      </Flags>
      <SessionStorage Value="InProjectDir"/>
      <MainUnit Value="0"/>
      <Title Value="HelloWorld"/>
      <UseAppBundle Value="False"/>
      <ResourceType Value="res"/>
    </General>
    <i18n>
      <EnableI18N LFM="False"/>
    </i18n>
    <VersionInfo>
      <StringTable ProductVersion=""/>
    </VersionInfo>
    <BuildModes Count="2">
      <Item1 Name="Default" Default="True"/>
      <Item2 Name="Win64 x86_64">
        <CompilerOptions>
          <Version Value="11"/>
          <PathDelim Value="\"/>
          <Target>
            <Filename Value="..\..\Binaries\$(TargetOS)\HelloWorld"/>
          </Target>
          <SearchPaths>
            <IncludeFiles Value="..\..\Source;$(ProjOutDir)"/>
            <OtherUnitFiles Value="..\..\Source"/>
            <UnitOutputDirectory Value="..\..\PPU\$(TargetOS)"/>
          </SearchPaths>
          <Parsing>
            <SyntaxOptions>
              <SyntaxMode Value="Delphi"/>
            </SyntaxOptions>
          </Parsing>
          <CodeGeneration>
            <TargetCPU Value="x86_64"/>
            <TargetOS Value="win64"/>
          </CodeGeneration>
          <Linking>
            <Debugging>
              <GenerateDebugInfo Value="False"/>
            </Debugging>
            <Options>
              <Win32>
                <GraphicApplication Value="True"/>
              </Win32>
            </Options>
          </Linking>
          <Other>
            <CustomOptions Value="-dBorland -dVer150 -dDelphi7 -dCompiler6_Up -dPUREPASCAL"/>
          </Other>
        </CompilerOptions>
      </Item2>
    </BuildModes>
    <PublishOptions>
      <Version Value="2"/>
    </PublishOptions>
    <RunParams>
      <local>
        <FormatVersion Value="1"/>
      </local>
    </RunParams>
    <RequiredPackages Count="1">
      <Item1>
        <PackageName Value="LCL"/>
      </Item1>
    </RequiredPackages>
    <Units Count="6">
      <Unit0>
        <Filename Value="HelloWorld.dpr"/>
        <IsPartOfProject Value="True"/>
      </Unit0>
      <Unit1>
        <Filename Value="..\..\Source\SfmlAudio.pas"/>
        <IsPartOfProject Value="True"/>
        <UnitName Value="SfmlAudio"/>
      </Unit1>
      <Unit2>
        <Filename Value="..\..\Source\SfmlGraphics.pas"/>
        <IsPartOfProject Value="True"/>
        <UnitName Value="SfmlGraphics"/>
      </Unit2>
      <Unit3>
        <Filename Value="..\..\Source\SfmlNetwork.pas"/>
        <IsPartOfProject Value="True"/>
        <UnitName Value="SfmlNetwork"/>
      </Unit3>
      <Unit4>
        <Filename Value="..\..\Source\SfmlSystem.pas"/>
        <IsPartOfProject Value="True"/>
        <UnitName Value="SfmlSystem"/>
      </Unit4>
      <Unit5>
        <Filename Value="..\..\Source\SfmlWindow.pas"/>
        <IsPartOfProject Value="True"/>
        <UnitName Value="SfmlWindow"/>
      </Unit5>
    </Units>
  </ProjectOptions>
  <CompilerOptions>
    <Version Value="11"/>
    <PathDelim Value="\"/>
    <Target>
      <Filename Value="..\..\Binaries\$(TargetOS)\HelloWorld"/>
    </Target>
    <SearchPaths>
      <IncludeFiles Value="..\..\Source;$(ProjOutDir)"/>
      <OtherUnitFiles Value="..\..\Source"/>
      <UnitOutputDirectory Value="..\..\PPU\$(TargetOS)"/>
    </SearchPaths>
    <Parsing>
      <SyntaxOptions>
        <SyntaxMode Value="Delphi"/>
      </SyntaxOptions>
    </Parsing>
    <Linking>
      <Debugging>
        <GenerateDebugInfo Value="False"/>
      </Debugging>
      <Options>
        <PassLinkerOptions Value="True"/>
        <LinkerOptions Value="-rpath-link ..\..\Binaries\linux"/>
        <Win32>
          <GraphicApplication Value="True"/>
        </Win32>
      </Options>
    </Linking>
    <Other>
      <CustomOptions Value="-dBorland -dVer150 -dDelphi7 -dCompiler6_Up -dPUREPASCAL"/>
    </Other>
  </CompilerOptions>
  <Debugging>
    <Exceptions Count="3">
      <Item1>
        <Name Value="EAbort"/>
      </Item1>
      <Item2>
        <Name Value="ECodetoolError"/>
      </Item2>
      <Item3>
        <Name Value="EFOpenError"/>
      </Item3>
    </Exceptions>
  </Debugging>
</CONFIG>
